
Microsoft Visual Studio Solution File, Format Version 12.00
# Visual Studio Version 16
VisualStudioVersion = 16.0.30413.136
MinimumVisualStudioVersion = 10.0.40219.1
Project("{FAE04EC0-301F-11D3-BF4B-00C04F79EFBC}") = "Delegate_DaGama", "Delegate_DaGama.csproj", "{22E66457-DA41-4016-A4DB-FFB28675E2B8}"
EndProject
Global
	GlobalSection(SolutionConfigurationPlatforms) = preSolution
		Debug|Any CPU = Debug|Any CPU
		Release|Any CPU = Release|Any CPU
	EndGlobalSection
	GlobalSection(ProjectConfigurationPlatforms) = postSolution
		{22E66457-DA41-4016-A4DB-FFB28675E2B8}.Debug|Any CPU.ActiveCfg = Debug|Any CPU
		{22E66457-DA41-4016-A4DB-FFB28675E2B8}.Debug|Any CPU.Build.0 = Debug|Any CPU
		{22E66457-DA41-4016-A4DB-FFB28675E2B8}.Release|Any CPU.ActiveCfg = Release|Any CPU
		{22E66457-DA41-4016-A4DB-FFB28675E2B8}.Release|Any CPU.Build.0 = Release|Any CPU
	EndGlobalSection
	GlobalSection(SolutionProperties) = preSolution
		HideSolutionNode = FALSE
	EndGlobalSection
	GlobalSection(ExtensibilityGlobals) = postSolution
		SolutionGuid = {1DD8CB34-24F9-4CDB-88DB-2BFA28ABAF18}
	EndGlobalSection
EndGlobal
