
Microsoft Visual Studio Solution File, Format Version 12.00
# Visual Studio Version 16
VisualStudioVersion = 16.0.30413.136
MinimumVisualStudioVersion = 10.0.40219.1
Project("{FAE04EC0-301F-11D3-BF4B-00C04F79EFBC}") = "PE-4", "PE-4.csproj", "{1628987C-ABFD-4E47-B5DD-FEF3AF3517B1}"
EndProject
Global
	GlobalSection(SolutionConfigurationPlatforms) = preSolution
		Debug|Any CPU = Debug|Any CPU
		Release|Any CPU = Release|Any CPU
	EndGlobalSection
	GlobalSection(ProjectConfigurationPlatforms) = postSolution
		{1628987C-ABFD-4E47-B5DD-FEF3AF3517B1}.Debug|Any CPU.ActiveCfg = Debug|Any CPU
		{1628987C-ABFD-4E47-B5DD-FEF3AF3517B1}.Debug|Any CPU.Build.0 = Debug|Any CPU
		{1628987C-ABFD-4E47-B5DD-FEF3AF3517B1}.Release|Any CPU.ActiveCfg = Release|Any CPU
		{1628987C-ABFD-4E47-B5DD-FEF3AF3517B1}.Release|Any CPU.Build.0 = Release|Any CPU
	EndGlobalSection
	GlobalSection(SolutionProperties) = preSolution
		HideSolutionNode = FALSE
	EndGlobalSection
	GlobalSection(ExtensibilityGlobals) = postSolution
		SolutionGuid = {55363EA9-5CF6-4E82-AD6B-FFB8307408AC}
	EndGlobalSection
EndGlobal
