
Microsoft Visual Studio Solution File, Format Version 12.00
# Visual Studio Version 16
VisualStudioVersion = 16.0.30503.244
MinimumVisualStudioVersion = 10.0.40219.1
Project("{FAE04EC0-301F-11D3-BF4B-00C04F79EFBC}") = "ICE", "ICE.csproj", "{B9ACDD7C-A2DD-49C9-8C91-CF65176271DC}"
EndProject
Global
	GlobalSection(SolutionConfigurationPlatforms) = preSolution
		Debug|Any CPU = Debug|Any CPU
		Release|Any CPU = Release|Any CPU
	EndGlobalSection
	GlobalSection(ProjectConfigurationPlatforms) = postSolution
		{B9ACDD7C-A2DD-49C9-8C91-CF65176271DC}.Debug|Any CPU.ActiveCfg = Debug|Any CPU
		{B9ACDD7C-A2DD-49C9-8C91-CF65176271DC}.Debug|Any CPU.Build.0 = Debug|Any CPU
		{B9ACDD7C-A2DD-49C9-8C91-CF65176271DC}.Release|Any CPU.ActiveCfg = Release|Any CPU
		{B9ACDD7C-A2DD-49C9-8C91-CF65176271DC}.Release|Any CPU.Build.0 = Release|Any CPU
	EndGlobalSection
	GlobalSection(SolutionProperties) = preSolution
		HideSolutionNode = FALSE
	EndGlobalSection
	GlobalSection(ExtensibilityGlobals) = postSolution
		SolutionGuid = {FCB7B7B4-9101-4CDD-AD63-05C3792ADE19}
	EndGlobalSection
EndGlobal
