
Microsoft Visual Studio Solution File, Format Version 12.00
# Visual Studio Version 16
VisualStudioVersion = 16.0.30503.244
MinimumVisualStudioVersion = 10.0.40219.1
Project("{FAE04EC0-301F-11D3-BF4B-00C04F79EFBC}") = "Vehicles", "Vehicles\Vehicles.csproj", "{74AC4A73-5530-4A6E-9566-78E4B7DE1B83}"
EndProject
Global
	GlobalSection(SolutionConfigurationPlatforms) = preSolution
		Debug|Any CPU = Debug|Any CPU
		Release|Any CPU = Release|Any CPU
	EndGlobalSection
	GlobalSection(ProjectConfigurationPlatforms) = postSolution
		{74AC4A73-5530-4A6E-9566-78E4B7DE1B83}.Debug|Any CPU.ActiveCfg = Debug|Any CPU
		{74AC4A73-5530-4A6E-9566-78E4B7DE1B83}.Debug|Any CPU.Build.0 = Debug|Any CPU
		{74AC4A73-5530-4A6E-9566-78E4B7DE1B83}.Release|Any CPU.ActiveCfg = Release|Any CPU
		{74AC4A73-5530-4A6E-9566-78E4B7DE1B83}.Release|Any CPU.Build.0 = Release|Any CPU
	EndGlobalSection
	GlobalSection(SolutionProperties) = preSolution
		HideSolutionNode = FALSE
	EndGlobalSection
	GlobalSection(ExtensibilityGlobals) = postSolution
		SolutionGuid = {FB161B1E-6D74-4B5D-B6AA-79AE5E8BE178}
	EndGlobalSection
EndGlobal
