
Microsoft Visual Studio Solution File, Format Version 12.00
# Visual Studio Version 16
VisualStudioVersion = 16.0.30503.244
MinimumVisualStudioVersion = 10.0.40219.1
Project("{FAE04EC0-301F-11D3-BF4B-00C04F79EFBC}") = "CourseLib", "CourseLib\CourseLib.csproj", "{2B78FA98-0A4D-478D-AED7-90DFA0D366F5}"
EndProject
Global
	GlobalSection(SolutionConfigurationPlatforms) = preSolution
		Debug|Any CPU = Debug|Any CPU
		Release|Any CPU = Release|Any CPU
	EndGlobalSection
	GlobalSection(ProjectConfigurationPlatforms) = postSolution
		{2B78FA98-0A4D-478D-AED7-90DFA0D366F5}.Debug|Any CPU.ActiveCfg = Debug|Any CPU
		{2B78FA98-0A4D-478D-AED7-90DFA0D366F5}.Debug|Any CPU.Build.0 = Debug|Any CPU
		{2B78FA98-0A4D-478D-AED7-90DFA0D366F5}.Release|Any CPU.ActiveCfg = Release|Any CPU
		{2B78FA98-0A4D-478D-AED7-90DFA0D366F5}.Release|Any CPU.Build.0 = Release|Any CPU
	EndGlobalSection
	GlobalSection(SolutionProperties) = preSolution
		HideSolutionNode = FALSE
	EndGlobalSection
	GlobalSection(ExtensibilityGlobals) = postSolution
		SolutionGuid = {808691EC-68D9-4275-9675-B26258584F6C}
	EndGlobalSection
EndGlobal
