
Microsoft Visual Studio Solution File, Format Version 12.00
# Visual Studio Version 16
VisualStudioVersion = 16.0.30503.244
MinimumVisualStudioVersion = 10.0.40219.1
Project("{FAE04EC0-301F-11D3-BF4B-00C04F79EFBC}") = "PE12", "PE12\PE12.csproj", "{4C3ADE3B-B63D-4672-AA2F-09857E07DEA8}"
EndProject
Global
	GlobalSection(SolutionConfigurationPlatforms) = preSolution
		Debug|Any CPU = Debug|Any CPU
		Release|Any CPU = Release|Any CPU
	EndGlobalSection
	GlobalSection(ProjectConfigurationPlatforms) = postSolution
		{4C3ADE3B-B63D-4672-AA2F-09857E07DEA8}.Debug|Any CPU.ActiveCfg = Debug|Any CPU
		{4C3ADE3B-B63D-4672-AA2F-09857E07DEA8}.Debug|Any CPU.Build.0 = Debug|Any CPU
		{4C3ADE3B-B63D-4672-AA2F-09857E07DEA8}.Release|Any CPU.ActiveCfg = Release|Any CPU
		{4C3ADE3B-B63D-4672-AA2F-09857E07DEA8}.Release|Any CPU.Build.0 = Release|Any CPU
	EndGlobalSection
	GlobalSection(SolutionProperties) = preSolution
		HideSolutionNode = FALSE
	EndGlobalSection
	GlobalSection(ExtensibilityGlobals) = postSolution
		SolutionGuid = {133675E9-EDC7-4560-9015-41539EBB4561}
	EndGlobalSection
EndGlobal
