
Microsoft Visual Studio Solution File, Format Version 12.00
# Visual Studio Version 16
VisualStudioVersion = 16.0.30503.244
MinimumVisualStudioVersion = 10.0.40219.1
Project("{FAE04EC0-301F-11D3-BF4B-00C04F79EFBC}") = "Phone", "Phone.csproj", "{FED0DEC9-E7D4-4C9F-B183-16DA7A789720}"
EndProject
Global
	GlobalSection(SolutionConfigurationPlatforms) = preSolution
		Debug|Any CPU = Debug|Any CPU
		Release|Any CPU = Release|Any CPU
	EndGlobalSection
	GlobalSection(ProjectConfigurationPlatforms) = postSolution
		{FED0DEC9-E7D4-4C9F-B183-16DA7A789720}.Debug|Any CPU.ActiveCfg = Debug|Any CPU
		{FED0DEC9-E7D4-4C9F-B183-16DA7A789720}.Debug|Any CPU.Build.0 = Debug|Any CPU
		{FED0DEC9-E7D4-4C9F-B183-16DA7A789720}.Release|Any CPU.ActiveCfg = Release|Any CPU
		{FED0DEC9-E7D4-4C9F-B183-16DA7A789720}.Release|Any CPU.Build.0 = Release|Any CPU
	EndGlobalSection
	GlobalSection(SolutionProperties) = preSolution
		HideSolutionNode = FALSE
	EndGlobalSection
	GlobalSection(ExtensibilityGlobals) = postSolution
		SolutionGuid = {2068B1BF-99E8-4B38-8037-0CEACB35FE5F}
	EndGlobalSection
EndGlobal
