
Microsoft Visual Studio Solution File, Format Version 12.00
# Visual Studio Version 16
VisualStudioVersion = 16.0.30503.244
MinimumVisualStudioVersion = 10.0.40219.1
Project("{FAE04EC0-301F-11D3-BF4B-00C04F79EFBC}") = "Dyscord", "Dyscord.csproj", "{5975BD94-AB4D-4FDD-96D2-44D4616AEE4A}"
EndProject
Global
	GlobalSection(SolutionConfigurationPlatforms) = preSolution
		Debug|Any CPU = Debug|Any CPU
		Release|Any CPU = Release|Any CPU
	EndGlobalSection
	GlobalSection(ProjectConfigurationPlatforms) = postSolution
		{5975BD94-AB4D-4FDD-96D2-44D4616AEE4A}.Debug|Any CPU.ActiveCfg = Debug|Any CPU
		{5975BD94-AB4D-4FDD-96D2-44D4616AEE4A}.Debug|Any CPU.Build.0 = Debug|Any CPU
		{5975BD94-AB4D-4FDD-96D2-44D4616AEE4A}.Release|Any CPU.ActiveCfg = Release|Any CPU
		{5975BD94-AB4D-4FDD-96D2-44D4616AEE4A}.Release|Any CPU.Build.0 = Release|Any CPU
	EndGlobalSection
	GlobalSection(SolutionProperties) = preSolution
		HideSolutionNode = FALSE
	EndGlobalSection
	GlobalSection(ExtensibilityGlobals) = postSolution
		SolutionGuid = {B05C6E3E-6B6B-4EAE-A709-2FE7C02DB579}
	EndGlobalSection
EndGlobal
