
Microsoft Visual Studio Solution File, Format Version 12.00
# Visual Studio Version 16
VisualStudioVersion = 16.0.30413.136
MinimumVisualStudioVersion = 10.0.40219.1
Project("{FAE04EC0-301F-11D3-BF4B-00C04F79EFBC}") = "SquashTheBugs_PhillipDaGama", "SquashTheBugs_PhillipDaGama.csproj", "{E61884F9-4156-483D-9C20-DDD49E2931EB}"
EndProject
Global
	GlobalSection(SolutionConfigurationPlatforms) = preSolution
		Debug|Any CPU = Debug|Any CPU
		Release|Any CPU = Release|Any CPU
	EndGlobalSection
	GlobalSection(ProjectConfigurationPlatforms) = postSolution
		{E61884F9-4156-483D-9C20-DDD49E2931EB}.Debug|Any CPU.ActiveCfg = Debug|Any CPU
		{E61884F9-4156-483D-9C20-DDD49E2931EB}.Debug|Any CPU.Build.0 = Debug|Any CPU
		{E61884F9-4156-483D-9C20-DDD49E2931EB}.Release|Any CPU.ActiveCfg = Release|Any CPU
		{E61884F9-4156-483D-9C20-DDD49E2931EB}.Release|Any CPU.Build.0 = Release|Any CPU
	EndGlobalSection
	GlobalSection(SolutionProperties) = preSolution
		HideSolutionNode = FALSE
	EndGlobalSection
	GlobalSection(ExtensibilityGlobals) = postSolution
		SolutionGuid = {5A671C3B-9EEB-4AC8-8783-CA47F65B7E31}
	EndGlobalSection
EndGlobal
