
Microsoft Visual Studio Solution File, Format Version 12.00
# Visual Studio Version 16
VisualStudioVersion = 16.0.30413.136
MinimumVisualStudioVersion = 10.0.40219.1
Project("{FAE04EC0-301F-11D3-BF4B-00C04F79EFBC}") = "Mandelbrot", "Mandelbrot.csproj", "{613B10C9-1B65-4524-A3B9-D00680AD06B3}"
EndProject
Global
	GlobalSection(SolutionConfigurationPlatforms) = preSolution
		Debug|Any CPU = Debug|Any CPU
		Release|Any CPU = Release|Any CPU
	EndGlobalSection
	GlobalSection(ProjectConfigurationPlatforms) = postSolution
		{613B10C9-1B65-4524-A3B9-D00680AD06B3}.Debug|Any CPU.ActiveCfg = Debug|Any CPU
		{613B10C9-1B65-4524-A3B9-D00680AD06B3}.Debug|Any CPU.Build.0 = Debug|Any CPU
		{613B10C9-1B65-4524-A3B9-D00680AD06B3}.Release|Any CPU.ActiveCfg = Release|Any CPU
		{613B10C9-1B65-4524-A3B9-D00680AD06B3}.Release|Any CPU.Build.0 = Release|Any CPU
	EndGlobalSection
	GlobalSection(SolutionProperties) = preSolution
		HideSolutionNode = FALSE
	EndGlobalSection
	GlobalSection(ExtensibilityGlobals) = postSolution
		SolutionGuid = {CF7780A0-EA1A-47FA-9565-53D5377433C6}
	EndGlobalSection
EndGlobal
